
Microsoft Visual Studio Solution File, Format Version 12.00
# Visual Studio Version 17
VisualStudioVersion = 17.13.35825.156 d17.13
MinimumVisualStudioVersion = 10.0.40219.1
Project("{FAE04EC0-301F-11D3-BF4B-00C04F79EFBC}") = "tpmodul6_103022330111", "tpmodul6_103022330111\tpmodul6_103022330111.csproj", "{413B21C9-9C2F-4BFD-BDF4-8F084C3E4369}"
EndProject
Global
	GlobalSection(SolutionConfigurationPlatforms) = preSolution
		Debug|Any CPU = Debug|Any CPU
		Release|Any CPU = Release|Any CPU
	EndGlobalSection
	GlobalSection(ProjectConfigurationPlatforms) = postSolution
		{413B21C9-9C2F-4BFD-BDF4-8F084C3E4369}.Debug|Any CPU.ActiveCfg = Debug|Any CPU
		{413B21C9-9C2F-4BFD-BDF4-8F084C3E4369}.Debug|Any CPU.Build.0 = Debug|Any CPU
		{413B21C9-9C2F-4BFD-BDF4-8F084C3E4369}.Release|Any CPU.ActiveCfg = Release|Any CPU
		{413B21C9-9C2F-4BFD-BDF4-8F084C3E4369}.Release|Any CPU.Build.0 = Release|Any CPU
	EndGlobalSection
	GlobalSection(SolutionProperties) = preSolution
		HideSolutionNode = FALSE
	EndGlobalSection
	GlobalSection(ExtensibilityGlobals) = postSolution
		SolutionGuid = {48AAA4F4-BBE8-479E-9A9F-08058E2C23D1}
	EndGlobalSection
EndGlobal
